
Microsoft Visual Studio Solution File, Format Version 12.00
# Visual Studio Version 16
VisualStudioVersion = 16.0.30907.101
MinimumVisualStudioVersion = 10.0.40219.1
Project("{FAE04EC0-301F-11D3-BF4B-00C04F79EFBC}") = "Mouse Position", "Mouse Position\Mouse Position.csproj", "{CFBA28EF-8AF6-4524-A8FF-21BFD8033200}"
EndProject
Global
	GlobalSection(SolutionConfigurationPlatforms) = preSolution
		Debug|Any CPU = Debug|Any CPU
		Debug|x64 = Debug|x64
		Release|Any CPU = Release|Any CPU
		Release|x64 = Release|x64
	EndGlobalSection
	GlobalSection(ProjectConfigurationPlatforms) = postSolution
		{CFBA28EF-8AF6-4524-A8FF-21BFD8033200}.Debug|Any CPU.ActiveCfg = Debug|Any CPU
		{CFBA28EF-8AF6-4524-A8FF-21BFD8033200}.Debug|Any CPU.Build.0 = Debug|Any CPU
		{CFBA28EF-8AF6-4524-A8FF-21BFD8033200}.Debug|x64.ActiveCfg = Debug|x64
		{CFBA28EF-8AF6-4524-A8FF-21BFD8033200}.Debug|x64.Build.0 = Debug|x64
		{CFBA28EF-8AF6-4524-A8FF-21BFD8033200}.Release|Any CPU.ActiveCfg = Release|Any CPU
		{CFBA28EF-8AF6-4524-A8FF-21BFD8033200}.Release|Any CPU.Build.0 = Release|Any CPU
		{CFBA28EF-8AF6-4524-A8FF-21BFD8033200}.Release|x64.ActiveCfg = Release|Any CPU
		{CFBA28EF-8AF6-4524-A8FF-21BFD8033200}.Release|x64.Build.0 = Release|Any CPU
	EndGlobalSection
	GlobalSection(SolutionProperties) = preSolution
		HideSolutionNode = FALSE
	EndGlobalSection
	GlobalSection(ExtensibilityGlobals) = postSolution
		SolutionGuid = {50117578-736F-450E-A20A-2F6400D8F603}
	EndGlobalSection
EndGlobal
